
Microsoft Visual Studio Solution File, Format Version 12.00
# Visual Studio Version 16
VisualStudioVersion = 16.0.31129.286
MinimumVisualStudioVersion = 10.0.40219.1
Project("{2150E333-8FDC-42A3-9474-1A3956D46DE8}") = "src", "src", "{F9285D5A-9AE8-481D-BA13-595E5C7AA4D2}"
EndProject
Project("{2150E333-8FDC-42A3-9474-1A3956D46DE8}") = "API", "API", "{4AE870A6-C013-42D7-9E26-0B4A703A6B94}"
EndProject
Project("{2150E333-8FDC-42A3-9474-1A3956D46DE8}") = "Core", "Core", "{D43523BC-B576-4653-BCF6-BE393B651C40}"
EndProject
Project("{2150E333-8FDC-42A3-9474-1A3956D46DE8}") = "Infra", "Infra", "{4F8A2509-4E36-4898-B924-7DF9CE61683C}"
EndProject
Project("{FAE04EC0-301F-11D3-BF4B-00C04F79EFBC}") = "BankCQRS.Api", "src\BankCQRS.Api\BankCQRS.Api.csproj", "{A86C74EA-1B28-4F10-8A14-8E21DF700CD5}"
EndProject
Project("{FAE04EC0-301F-11D3-BF4B-00C04F79EFBC}") = "BankCQRS.Application", "src\BankCQRS.Application\BankCQRS.Application.csproj", "{EFD7F513-0804-42A4-8CD5-2EA8947757EA}"
EndProject
Project("{FAE04EC0-301F-11D3-BF4B-00C04F79EFBC}") = "BankCQRS.Domain", "src\BankCQRS.Domain\BankCQRS.Domain.csproj", "{AEF452BE-9B59-4A32-99FC-168EB24A74B9}"
EndProject
Project("{FAE04EC0-301F-11D3-BF4B-00C04F79EFBC}") = "BankCQRS.Infra.Data", "src\BankCQRS.Infra.Data\BankCQRS.Infra.Data.csproj", "{3636E5AE-EB30-4E2D-8A75-22C038C929AF}"
EndProject
Project("{FAE04EC0-301F-11D3-BF4B-00C04F79EFBC}") = "BankCQRS.Infra.Consumer", "src\BankCQRS.Infra.Consumer\BankCQRS.Infra.Consumer.csproj", "{9FDC4B0E-FBE7-4ED2-9D2B-EC9F9FE90D1B}"
EndProject
Global
	GlobalSection(SolutionConfigurationPlatforms) = preSolution
		Debug|Any CPU = Debug|Any CPU
		Release|Any CPU = Release|Any CPU
	EndGlobalSection
	GlobalSection(ProjectConfigurationPlatforms) = postSolution
		{A86C74EA-1B28-4F10-8A14-8E21DF700CD5}.Debug|Any CPU.ActiveCfg = Debug|Any CPU
		{A86C74EA-1B28-4F10-8A14-8E21DF700CD5}.Debug|Any CPU.Build.0 = Debug|Any CPU
		{A86C74EA-1B28-4F10-8A14-8E21DF700CD5}.Release|Any CPU.ActiveCfg = Release|Any CPU
		{A86C74EA-1B28-4F10-8A14-8E21DF700CD5}.Release|Any CPU.Build.0 = Release|Any CPU
		{EFD7F513-0804-42A4-8CD5-2EA8947757EA}.Debug|Any CPU.ActiveCfg = Debug|Any CPU
		{EFD7F513-0804-42A4-8CD5-2EA8947757EA}.Debug|Any CPU.Build.0 = Debug|Any CPU
		{EFD7F513-0804-42A4-8CD5-2EA8947757EA}.Release|Any CPU.ActiveCfg = Release|Any CPU
		{EFD7F513-0804-42A4-8CD5-2EA8947757EA}.Release|Any CPU.Build.0 = Release|Any CPU
		{AEF452BE-9B59-4A32-99FC-168EB24A74B9}.Debug|Any CPU.ActiveCfg = Debug|Any CPU
		{AEF452BE-9B59-4A32-99FC-168EB24A74B9}.Debug|Any CPU.Build.0 = Debug|Any CPU
		{AEF452BE-9B59-4A32-99FC-168EB24A74B9}.Release|Any CPU.ActiveCfg = Release|Any CPU
		{AEF452BE-9B59-4A32-99FC-168EB24A74B9}.Release|Any CPU.Build.0 = Release|Any CPU
		{3636E5AE-EB30-4E2D-8A75-22C038C929AF}.Debug|Any CPU.ActiveCfg = Debug|Any CPU
		{3636E5AE-EB30-4E2D-8A75-22C038C929AF}.Debug|Any CPU.Build.0 = Debug|Any CPU
		{3636E5AE-EB30-4E2D-8A75-22C038C929AF}.Release|Any CPU.ActiveCfg = Release|Any CPU
		{3636E5AE-EB30-4E2D-8A75-22C038C929AF}.Release|Any CPU.Build.0 = Release|Any CPU
		{9FDC4B0E-FBE7-4ED2-9D2B-EC9F9FE90D1B}.Debug|Any CPU.ActiveCfg = Debug|Any CPU
		{9FDC4B0E-FBE7-4ED2-9D2B-EC9F9FE90D1B}.Debug|Any CPU.Build.0 = Debug|Any CPU
		{9FDC4B0E-FBE7-4ED2-9D2B-EC9F9FE90D1B}.Release|Any CPU.ActiveCfg = Release|Any CPU
		{9FDC4B0E-FBE7-4ED2-9D2B-EC9F9FE90D1B}.Release|Any CPU.Build.0 = Release|Any CPU
	EndGlobalSection
	GlobalSection(SolutionProperties) = preSolution
		HideSolutionNode = FALSE
	EndGlobalSection
	GlobalSection(NestedProjects) = preSolution
		{4AE870A6-C013-42D7-9E26-0B4A703A6B94} = {F9285D5A-9AE8-481D-BA13-595E5C7AA4D2}
		{D43523BC-B576-4653-BCF6-BE393B651C40} = {F9285D5A-9AE8-481D-BA13-595E5C7AA4D2}
		{4F8A2509-4E36-4898-B924-7DF9CE61683C} = {F9285D5A-9AE8-481D-BA13-595E5C7AA4D2}
		{A86C74EA-1B28-4F10-8A14-8E21DF700CD5} = {4AE870A6-C013-42D7-9E26-0B4A703A6B94}
		{EFD7F513-0804-42A4-8CD5-2EA8947757EA} = {D43523BC-B576-4653-BCF6-BE393B651C40}
		{AEF452BE-9B59-4A32-99FC-168EB24A74B9} = {D43523BC-B576-4653-BCF6-BE393B651C40}
		{3636E5AE-EB30-4E2D-8A75-22C038C929AF} = {4F8A2509-4E36-4898-B924-7DF9CE61683C}
		{9FDC4B0E-FBE7-4ED2-9D2B-EC9F9FE90D1B} = {4F8A2509-4E36-4898-B924-7DF9CE61683C}
	EndGlobalSection
	GlobalSection(ExtensibilityGlobals) = postSolution
		SolutionGuid = {015A07D9-3CB8-428F-8A0E-387A7646FA03}
	EndGlobalSection
EndGlobal
